// !$*UTF8*$!
{
	archiveVersion = 1;
	classes = {
	};
	objectVersion = 46;
	objects = {

/* Begin PBXBuildFile section */
		240269881E1B90CD005C3747 /* AppDelegate.swift in Sources */ = {isa = PBXBuildFile; fileRef = 240269871E1B90CD005C3747 /* AppDelegate.swift */; };
		2402698A1E1B90CD005C3747 /* ViewController.swift in Sources */ = {isa = PBXBuildFile; fileRef = 240269891E1B90CD005C3747 /* ViewController.swift */; };
		2402698D1E1B90CD005C3747 /* Main.storyboard in Resources */ = {isa = PBXBuildFile; fileRef = 2402698B1E1B90CD005C3747 /* Main.storyboard */; };
		2402698F1E1B90CD005C3747 /* Assets.xcassets in Resources */ = {isa = PBXBuildFile; fileRef = 2402698E1E1B90CD005C3747 /* Assets.xcassets */; };
		240269921E1B90CD005C3747 /* LaunchScreen.storyboard in Resources */ = {isa = PBXBuildFile; fileRef = 240269901E1B90CD005C3747 /* LaunchScreen.storyboard */; };
/* End PBXBuildFile section */

/* Begin PBXFileReference section */
		240269841E1B90CD005C3747 /* CarouselEffectDemo.app */ = {isa = PBXFileReference; explicitFileType = wrapper.application; includeInIndex = 0; path = CarouselEffectDemo.app; sourceTree = BUILT_PRODUCTS_DIR; };
		240269871E1B90CD005C3747 /* AppDelegate.swift */ = {isa = PBXFileReference; lastKnownFileType = sourcecode.swift; path = AppDelegate.swift; sourceTree = "<group>"; };
		240269891E1B90CD005C3747 /* ViewController.swift */ = {isa = PBXFileReference; lastKnownFileType = sourcecode.swift; path = ViewController.swift; sourceTree = "<group>"; };
		2402698C1E1B90CD005C3747 /* Base */ = {isa = PBXFileReference; lastKnownFileType = file.storyboard; name = Base; path = Base.lproj/Main.storyboard; sourceTree = "<group>"; };
		2402698E1E1B90CD005C3747 /* Assets.xcassets */ = {isa = PBXFileReference; lastKnownFileType = folder.assetcatalog; path = Assets.xcassets; sourceTree = "<group>"; };
		240269911E1B90CD005C3747 /* Base */ = {isa = PBXFileReference; lastKnownFileType = file.storyboard; name = Base; path = Base.lproj/LaunchScreen.storyboard; sourceTree = "<group>"; };
		240269931E1B90CD005C3747 /* Info.plist */ = {isa = PBXFileReference; lastKnownFileType = text.plist.xml; path = Info.plist; sourceTree = "<group>"; };
/* End PBXFileReference section */

/* Begin PBXFrameworksBuildPhase section */
		240269811E1B90CD005C3747 /* Frameworks */ = {
			isa = PBXFrameworksBuildPhase;
			buildActionMask = 2147483647;
			files = (
			);
			runOnlyForDeploymentPostprocessing = 0;
		};
/* End PBXFrameworksBuildPhase section */

/* Begin PBXGroup section */
		2402697B1E1B90CD005C3747 = {
			isa = PBXGroup;
			children = (
				240269861E1B90CD005C3747 /* CarouselEffectDemo */,
				240269851E1B90CD005C3747 /* Products */,
			);
			sourceTree = "<group>";
		};
		240269851E1B90CD005C3747 /* Products */ = {
			isa = PBXGroup;
			children = (
				240269841E1B90CD005C3747 /* CarouselEffectDemo.app */,
			);
			name = Products;
			sourceTree = "<group>";
		};
		240269861E1B90CD005C3747 /* CarouselEffectDemo */ = {
			isa = PBXGroup;
			children = (
				240269871E1B90CD005C3747 /* AppDelegate.swift */,
				240269891E1B90CD005C3747 /* ViewController.swift */,
				2402698B1E1B90CD005C3747 /* Main.storyboard */,
				2402698E1E1B90CD005C3747 /* Assets.xcassets */,
				240269901E1B90CD005C3747 /* LaunchScreen.storyboard */,
				240269931E1B90CD005C3747 /* Info.plist */,
			);
			path = CarouselEffectDemo;
			sourceTree = "<group>";
		};
/* End PBXGroup section */

/* Begin PBXNativeTarget section */
		240269831E1B90CD005C3747 /* CarouselEffectDemo */ = {
			isa = PBXNativeTarget;
			buildConfigurationList = 240269961E1B90CD005C3747 /* Build configuration list for PBXNativeTarget "CarouselEffectDemo" */;
			buildPhases = (
				240269801E1B90CD005C3747 /* Sources */,
				240269811E1B90CD005C3747 /* Frameworks */,
				240269821E1B90CD005C3747 /* Resources */,
			);
			buildRules = (
			);
			dependencies = (
			);
			name = CarouselEffectDemo;
			productName = CarouselEffectDemo;
			productReference = 240269841E1B90CD005C3747 /* CarouselEffectDemo.app */;
			productType = "com.apple.product-type.application";
		};
/* End PBXNativeTarget section */

/* Begin PBXProject section */
		2402697C1E1B90CD005C3747 /* Project object */ = {
			isa = PBXProject;
			attributes = {
				LastSwiftUpdateCheck = 0820;
				LastUpgradeCheck = 0820;
				ORGANIZATIONNAME = Zero;
				TargetAttributes = {
					240269831E1B90CD005C3747 = {
						CreatedOnToolsVersion = 8.2.1;
						DevelopmentTeam = N9S5HCHVGJ;
						ProvisioningStyle = Automatic;
					};
				};
			};
			buildConfigurationList = 2402697F1E1B90CD005C3747 /* Build configuration list for PBXProject "CarouselEffectDemo" */;
			compatibilityVersion = "Xcode 3.2";
			developmentRegion = English;
			hasScannedForEncodings = 0;
			knownRegions = (
				en,
				Base,
			);
			mainGroup = 2402697B1E1B90CD005C3747;
			productRefGroup = 240269851E1B90CD005C3747 /* Products */;
			projectDirPath = "";
			projectRoot = "";
			targets = (
				240269831E1B90CD005C3747 /* CarouselEffectDemo */,
			);
		};
/* End PBXProject section */

/* Begin PBXResourcesBuildPhase section */
		240269821E1B90CD005C3747 /* Resources */ = {
			isa = PBXResourcesBuildPhase;
			buildActionMask = 2147483647;
			files = (
				240269921E1B90CD005C3747 /* LaunchScreen.storyboard in Resources */,
				2402698F1E1B90CD005C3747 /* Assets.xcassets in Resources */,
				2402698D1E1B90CD005C3747 /* Main.storyboard in Resources */,
			);
			runOnlyForDeploymentPostprocessing = 0;
		};
/* End PBXResourcesBuildPhase section */

/* Begin PBXSourcesBuildPhase section */
		240269801E1B90CD005C3747 /* Sources */ = {
			isa = PBXSourcesBuildPhase;
			buildActionMask = 2147483647;
			files = (
				2402698A1E1B90CD005C3747 /* ViewController.swift in Sources */,
				240269881E1B90CD005C3747 /* AppDelegate.swift in Sources */,
			);
			runOnlyForDeploymentPostprocessing = 0;
		};
/* End PBXSourcesBuildPhase section */

/* Begin PBXVariantGroup section */
		2402698B1E1B90CD005C3747 /* Main.storyboard */ = {
			isa = PBXVariantGroup;
			children = (
				2402698C1E1B90CD005C3747 /* Base */,
			);
			name = Main.storyboard;
			sourceTree = "<group>";
		};
		240269901E1B90CD005C3747 /* LaunchScreen.storyboard */ = {
			isa = PBXVariantGroup;
			children = (
				240269911E1B90CD005C3747 /* Base */,
			);
			name = LaunchScreen.storyboard;
			sourceTree = "<group>";
		};
/* End PBXVariantGroup section */

/* Begin XCBuildConfiguration section */
		240269941E1B90CD005C3747 /* Debug */ = {
			isa = XCBuildConfiguration;
			buildSettings = {
				ALWAYS_SEARCH_USER_PATHS = NO;
				CLANG_ANALYZER_NONNULL = YES;
				CLANG_CXX_LANGUAGE_STANDARD = "gnu++0x";
				CLANG_CXX_LIBRARY = "libc++";
				CLANG_ENABLE_MODULES = YES;
				CLANG_ENABLE_OBJC_ARC = YES;
				CLANG_WARN_BOOL_CONVERSION = YES;
				CLANG_WARN_CONSTANT_CONVERSION = YES;
				CLANG_WARN_DIRECT_OBJC_ISA_USAGE = YES_ERROR;
				CLANG_WARN_DOCUMENTATION_COMMENTS = YES;
				CLANG_WARN_EMPTY_BODY = YES;
				CLANG_WARN_ENUM_CONVERSION = YES;
				CLANG_WARN_INFINITE_RECURSION = YES;
				CLANG_WARN_INT_CONVERSION = YES;
				CLANG_WARN_OBJC_ROOT_CLASS = YES_ERROR;
				CLANG_WARN_SUSPICIOUS_MOVE = YES;
				CLANG_WARN_UNREACHABLE_CODE = YES;
				CLANG_WARN__DUPLICATE_METHOD_MATCH = YES;
				"CODE_SIGN_IDENTITY[sdk=iphoneos*]" = "iPhone Developer";
				COPY_PHASE_STRIP = NO;
				DEBUG_INFORMATION_FORMAT = dwarf;
				ENABLE_STRICT_OBJC_MSGSEND = YES;
				ENABLE_TESTABILITY = YES;
				GCC_C_LANGUAGE_STANDARD = gnu99;
				GCC_DYNAMIC_NO_PIC = NO;
				GCC_NO_COMMON_BLOCKS = YES;
				GCC_OPTIMIZATION_LEVEL = 0;
				GCC_PREPROCESSOR_DEFINITIONS = (
					"DEBUG=1",
					"$(inherited)",
				);
				GCC_WARN_64_TO_32_BIT_CONVERSION = YES;
				GCC_WARN_ABOUT_RETURN_TYPE = YES_ERROR;
				GCC_WARN_UNDECLARED_SELECTOR = YES;
				GCC_WARN_UNINITIALIZED_AUTOS = YES_AGGRESSIVE;
				GCC_WARN_UNUSED_FUNCTION = YES;
				GCC_WARN_UNUSED_VARIABLE = YES;
				IPHONEOS_DEPLOYMENT_TARGET = 10.2;
				MTL_ENABLE_DEBUG_INFO = YES;
				ONLY_ACTIVE_ARCH = YES;
				SDKROOT = iphoneos;
				SWIFT_ACTIVE_COMPILATION_CONDITIONS = DEBUG;
				SWIFT_OPTIMIZATION_LEVEL = "-Onone";
			};
			name = Debug;
		};
		240269951E1B90CD005C3747 /* Release */ = {
			isa = XCBuildConfiguration;
			buildSettings = {
				ALWAYS_SEARCH_USER_PATHS = NO;
				CLANG_ANALYZER_NONNULL = YES;
				CLANG_CXX_LANGUAGE_STANDARD = "gnu++0x";
				CLANG_CXX_LIBRARY = "libc++";
				CLANG_ENABLE_MODULES = YES;
				CLANG_ENABLE_OBJC_ARC = YES;
				CLANG_WARN_BOOL_CONVERSION = YES;
				CLANG_WARN_CONSTANT_CONVERSION = YES;
				CLANG_WARN_DIRECT_OBJC_ISA_USAGE = YES_ERROR;
				CLANG_WARN_DOCUMENTATION_COMMENTS = YES;
				CLANG_WARN_EMPTY_BODY = YES;
				CLANG_WARN_ENUM_CONVERSION = YES;
				CLANG_WARN_INFINITE_RECURSION = YES;
				CLANG_WARN_INT_CONVERSION = YES;
				CLANG_WARN_OBJC_ROOT_CLASS = YES_ERROR;
				CLANG_WARN_SUSPICIOUS_MOVE = YES;
				CLANG_WARN_UNREACHABLE_CODE = YES;
				CLANG_WARN__DUPLICATE_METHOD_MATCH = YES;
				"CODE_SIGN_IDENTITY[sdk=iphoneos*]" = "iPhone Developer";
				COPY_PHASE_STRIP = NO;
				DEBUG_INFORMATION_FORMAT = "dwarf-with-dsym";
				ENABLE_NS_ASSERTIONS = NO;
				ENABLE_STRICT_OBJC_MSGSEND = YES;
				GCC_C_LANGUAGE_STANDARD = gnu99;
				GCC_NO_COMMON_BLOCKS = YES;
				GCC_WARN_64_TO_32_BIT_CONVERSION = YES;
				GCC_WARN_ABOUT_RETURN_TYPE = YES_ERROR;
				GCC_WARN_UNDECLARED_SELECTOR = YES;
				GCC_WARN_UNINITIALIZED_AUTOS = YES_AGGRESSIVE;
				GCC_WARN_UNUSED_FUNCTION = YES;
				GCC_WARN_UNUSED_VARIABLE = YES;
				IPHONEOS_DEPLOYMENT_TARGET = 10.2;
				MTL_ENABLE_DEBUG_INFO = NO;
				SDKROOT = iphoneos;
				SWIFT_OPTIMIZATION_LEVEL = "-Owholemodule";
				VALIDATE_PRODUCT = YES;
			};
			name = Release;
		};
		240269971E1B90CD005C3747 /* Debug */ = {
			isa = XCBuildConfiguration;
			buildSettings = {
				ASSETCATALOG_COMPILER_APPICON_NAME = AppIcon;
				DEVELOPMENT_TEAM = N9S5HCHVGJ;
				INFOPLIST_FILE = CarouselEffectDemo/Info.plist;
				LD_RUNPATH_SEARCH_PATHS = "$(inherited) @executable_path/Frameworks";
				PRODUCT_BUNDLE_IDENTIFIER = com.Zero.CarouselEffectDemo;
				PRODUCT_NAME = "$(TARGET_NAME)";
				SWIFT_VERSION = 3.0;
			};
			name = Debug;
		};
		240269981E1B90CD005C3747 /* Release */ = {
			isa = XCBuildConfiguration;
			buildSettings = {
				ASSETCATALOG_COMPILER_APPICON_NAME = AppIcon;
				DEVELOPMENT_TEAM = N9S5HCHVGJ;
				INFOPLIST_FILE = CarouselEffectDemo/Info.plist;
				LD_RUNPATH_SEARCH_PATHS = "$(inherited) @executable_path/Frameworks";
				PRODUCT_BUNDLE_IDENTIFIER = com.Zero.CarouselEffectDemo;
				PRODUCT_NAME = "$(TARGET_NAME)";
				SWIFT_VERSION = 3.0;
			};
			name = Release;
		};
/* End XCBuildConfiguration section */

/* Begin XCConfigurationList section */
		2402697F1E1B90CD005C3747 /* Build configuration list for PBXProject "CarouselEffectDemo" */ = {
			isa = XCConfigurationList;
			buildConfigurations = (
				240269941E1B90CD005C3747 /* Debug */,
				240269951E1B90CD005C3747 /* Release */,
			);
			defaultConfigurationIsVisible = 0;
			defaultConfigurationName = Release;
		};
		240269961E1B90CD005C3747 /* Build configuration list for PBXNativeTarget "CarouselEffectDemo" */ = {
			isa = XCConfigurationList;
			buildConfigurations = (
				240269971E1B90CD005C3747 /* Debug */,
				240269981E1B90CD005C3747 /* Release */,
			);
			defaultConfigurationIsVisible = 0;
		};
/* End XCConfigurationList section */
	};
	rootObject = 2402697C1E1B90CD005C3747 /* Project object */;
}
